
Microsoft Visual Studio Solution File, Format Version 12.00
# Visual Studio 2012
Project("{FAE04EC0-301F-11D3-BF4B-00C04F79EFBC}") = "Bowling.Bl", "Bowling.Bl\Bowling.Bl.csproj", "{3CE8AF34-0247-4A7E-AB80-B0137B68F486}"
EndProject
Project("{FAE04EC0-301F-11D3-BF4B-00C04F79EFBC}") = "Bowling.Test", "Bowling.Test\Bowling.Test.csproj", "{B327AD29-691B-48AD-B53D-AC1B2D222BF4}"
EndProject
Global
	GlobalSection(SolutionConfigurationPlatforms) = preSolution
		Debug|Any CPU = Debug|Any CPU
		Release|Any CPU = Release|Any CPU
	EndGlobalSection
	GlobalSection(ProjectConfigurationPlatforms) = postSolution
		{3CE8AF34-0247-4A7E-AB80-B0137B68F486}.Debug|Any CPU.ActiveCfg = Debug|Any CPU
		{3CE8AF34-0247-4A7E-AB80-B0137B68F486}.Debug|Any CPU.Build.0 = Debug|Any CPU
		{3CE8AF34-0247-4A7E-AB80-B0137B68F486}.Release|Any CPU.ActiveCfg = Release|Any CPU
		{3CE8AF34-0247-4A7E-AB80-B0137B68F486}.Release|Any CPU.Build.0 = Release|Any CPU
		{B327AD29-691B-48AD-B53D-AC1B2D222BF4}.Debug|Any CPU.ActiveCfg = Debug|Any CPU
		{B327AD29-691B-48AD-B53D-AC1B2D222BF4}.Debug|Any CPU.Build.0 = Debug|Any CPU
		{B327AD29-691B-48AD-B53D-AC1B2D222BF4}.Release|Any CPU.ActiveCfg = Release|Any CPU
		{B327AD29-691B-48AD-B53D-AC1B2D222BF4}.Release|Any CPU.Build.0 = Release|Any CPU
	EndGlobalSection
	GlobalSection(SolutionProperties) = preSolution
		HideSolutionNode = FALSE
	EndGlobalSection
EndGlobal
